// !$*UTF8*$!
{
	archiveVersion = 1;
	classes = {
	};
	objectVersion = 50;
	objects = {

/* Begin PBXBuildFile section */
		4B07414223D7EAB1008A4526 /* SoManyUIViewFactory.h in Headers */ = {isa = PBXBuildFile; fileRef = 4B07414023D7EAB1008A4526 /* SoManyUIViewFactory.h */; settings = {ATTRIBUTES = (Public, ); }; };
		4B07414723D7EAB8008A4526 /* Code.swift in Sources */ = {isa = PBXBuildFile; fileRef = 4B07414623D7EAB8008A4526 /* Code.swift */; };
		4B07415123D7EBC1008A4526 /* SoManyUIViewSubclasses.h in Headers */ = {isa = PBXBuildFile; fileRef = 4B07414F23D7EBC1008A4526 /* SoManyUIViewSubclasses.h */; settings = {ATTRIBUTES = (Public, ); }; };
		4B07415623D7EC14008A4526 /* Code.swift in Sources */ = {isa = PBXBuildFile; fileRef = 4B07415523D7EC14008A4526 /* Code.swift */; };
		4B69917D237AFC8100341ED6 /* BinarySize.h in Headers */ = {isa = PBXBuildFile; fileRef = 4B69917B237AFC8100341ED6 /* BinarySize.h */; settings = {ATTRIBUTES = (Public, ); }; };
		4B69918C237AFC9100341ED6 /* SoManyClasses.h in Headers */ = {isa = PBXBuildFile; fileRef = 4B69918A237AFC9100341ED6 /* SoManyClasses.h */; settings = {ATTRIBUTES = (Public, ); }; };
		4B699199237AFC9C00341ED6 /* SoManyStructs.h in Headers */ = {isa = PBXBuildFile; fileRef = 4B699197237AFC9C00341ED6 /* SoManyStructs.h */; settings = {ATTRIBUTES = (Public, ); }; };
		4B6991A6237AFCCA00341ED6 /* SoManyStructsWithTrait.h in Headers */ = {isa = PBXBuildFile; fileRef = 4B6991A4237AFCCA00341ED6 /* SoManyStructsWithTrait.h */; settings = {ATTRIBUTES = (Public, ); }; };
		4B6991B1237AFD1700341ED6 /* Code.swift in Sources */ = {isa = PBXBuildFile; fileRef = 4B6991B0237AFD1700341ED6 /* Code.swift */; };
		4B6991B3237AFD6000341ED6 /* Code.swift in Sources */ = {isa = PBXBuildFile; fileRef = 4B6991B2237AFD6000341ED6 /* Code.swift */; };
		4B6991B5237AFD8900341ED6 /* Code.swift in Sources */ = {isa = PBXBuildFile; fileRef = 4B6991B4237AFD8900341ED6 /* Code.swift */; };
		4B6991BD237AFF4D00341ED6 /* main.swift in Sources */ = {isa = PBXBuildFile; fileRef = 4B6991BC237AFF4D00341ED6 /* main.swift */; };
/* End PBXBuildFile section */

/* Begin PBXContainerItemProxy section */
		4B6991AA237AFCD500341ED6 /* PBXContainerItemProxy */ = {
			isa = PBXContainerItemProxy;
			containerPortal = 4B69916F237AFC8000341ED6 /* Project object */;
			proxyType = 1;
			remoteGlobalIDString = 4B699187237AFC9100341ED6;
			remoteInfo = SoManyClasses;
		};
		4B6991AC237AFCD500341ED6 /* PBXContainerItemProxy */ = {
			isa = PBXContainerItemProxy;
			containerPortal = 4B69916F237AFC8000341ED6 /* Project object */;
			proxyType = 1;
			remoteGlobalIDString = 4B699194237AFC9C00341ED6;
			remoteInfo = SoManyStructs;
		};
		4B6991AE237AFCD500341ED6 /* PBXContainerItemProxy */ = {
			isa = PBXContainerItemProxy;
			containerPortal = 4B69916F237AFC8000341ED6 /* Project object */;
			proxyType = 1;
			remoteGlobalIDString = 4B6991A1237AFCCA00341ED6;
			remoteInfo = SoManyStructsWithTrait;
		};
		4B6991C1237AFF5D00341ED6 /* PBXContainerItemProxy */ = {
			isa = PBXContainerItemProxy;
			containerPortal = 4B69916F237AFC8000341ED6 /* Project object */;
			proxyType = 1;
			remoteGlobalIDString = 4B699177237AFC8000341ED6;
			remoteInfo = BinarySize;
		};
		4B6991C3237AFF5D00341ED6 /* PBXContainerItemProxy */ = {
			isa = PBXContainerItemProxy;
			containerPortal = 4B69916F237AFC8000341ED6 /* Project object */;
			proxyType = 1;
			remoteGlobalIDString = 4B699187237AFC9100341ED6;
			remoteInfo = SoManyClasses;
		};
		4B6991C5237AFF5D00341ED6 /* PBXContainerItemProxy */ = {
			isa = PBXContainerItemProxy;
			containerPortal = 4B69916F237AFC8000341ED6 /* Project object */;
			proxyType = 1;
			remoteGlobalIDString = 4B699194237AFC9C00341ED6;
			remoteInfo = SoManyStructs;
		};
		4B6991C7237AFF5D00341ED6 /* PBXContainerItemProxy */ = {
			isa = PBXContainerItemProxy;
			containerPortal = 4B69916F237AFC8000341ED6 /* Project object */;
			proxyType = 1;
			remoteGlobalIDString = 4B6991A1237AFCCA00341ED6;
			remoteInfo = SoManyStructsWithTrait;
		};
/* End PBXContainerItemProxy section */

/* Begin PBXCopyFilesBuildPhase section */
		4B6991B8237AFF4D00341ED6 /* CopyFiles */ = {
			isa = PBXCopyFilesBuildPhase;
			buildActionMask = 2147483647;
			dstPath = /usr/share/man/man1/;
			dstSubfolderSpec = 0;
			files = (
			);
			runOnlyForDeploymentPostprocessing = 1;
		};
/* End PBXCopyFilesBuildPhase section */

/* Begin PBXFileReference section */
		4B07413E23D7EAB1008A4526 /* SoManyUIViewFactory.framework */ = {isa = PBXFileReference; explicitFileType = wrapper.framework; includeInIndex = 0; path = SoManyUIViewFactory.framework; sourceTree = BUILT_PRODUCTS_DIR; };
		4B07414023D7EAB1008A4526 /* SoManyUIViewFactory.h */ = {isa = PBXFileReference; lastKnownFileType = sourcecode.c.h; path = SoManyUIViewFactory.h; sourceTree = "<group>"; };
		4B07414123D7EAB1008A4526 /* Info.plist */ = {isa = PBXFileReference; lastKnownFileType = text.plist.xml; path = Info.plist; sourceTree = "<group>"; };
		4B07414623D7EAB8008A4526 /* Code.swift */ = {isa = PBXFileReference; lastKnownFileType = sourcecode.swift; path = Code.swift; sourceTree = "<group>"; };
		4B07414D23D7EBC1008A4526 /* SoManyUIViewSubclasses.framework */ = {isa = PBXFileReference; explicitFileType = wrapper.framework; includeInIndex = 0; path = SoManyUIViewSubclasses.framework; sourceTree = BUILT_PRODUCTS_DIR; };
		4B07414F23D7EBC1008A4526 /* SoManyUIViewSubclasses.h */ = {isa = PBXFileReference; lastKnownFileType = sourcecode.c.h; path = SoManyUIViewSubclasses.h; sourceTree = "<group>"; };
		4B07415023D7EBC1008A4526 /* Info.plist */ = {isa = PBXFileReference; lastKnownFileType = text.plist.xml; path = Info.plist; sourceTree = "<group>"; };
		4B07415523D7EC14008A4526 /* Code.swift */ = {isa = PBXFileReference; lastKnownFileType = sourcecode.swift; path = Code.swift; sourceTree = "<group>"; };
		4B699178237AFC8000341ED6 /* BinarySize.framework */ = {isa = PBXFileReference; explicitFileType = wrapper.framework; includeInIndex = 0; path = BinarySize.framework; sourceTree = BUILT_PRODUCTS_DIR; };
		4B69917B237AFC8100341ED6 /* BinarySize.h */ = {isa = PBXFileReference; lastKnownFileType = sourcecode.c.h; path = BinarySize.h; sourceTree = "<group>"; };
		4B69917C237AFC8100341ED6 /* Info.plist */ = {isa = PBXFileReference; lastKnownFileType = text.plist.xml; path = Info.plist; sourceTree = "<group>"; };
		4B699188237AFC9100341ED6 /* SoManyClasses.framework */ = {isa = PBXFileReference; explicitFileType = wrapper.framework; includeInIndex = 0; path = SoManyClasses.framework; sourceTree = BUILT_PRODUCTS_DIR; };
		4B69918A237AFC9100341ED6 /* SoManyClasses.h */ = {isa = PBXFileReference; lastKnownFileType = sourcecode.c.h; path = SoManyClasses.h; sourceTree = "<group>"; };
		4B69918B237AFC9100341ED6 /* Info.plist */ = {isa = PBXFileReference; lastKnownFileType = text.plist.xml; path = Info.plist; sourceTree = "<group>"; };
		4B699195237AFC9C00341ED6 /* SoManyStructs.framework */ = {isa = PBXFileReference; explicitFileType = wrapper.framework; includeInIndex = 0; path = SoManyStructs.framework; sourceTree = BUILT_PRODUCTS_DIR; };
		4B699197237AFC9C00341ED6 /* SoManyStructs.h */ = {isa = PBXFileReference; lastKnownFileType = sourcecode.c.h; path = SoManyStructs.h; sourceTree = "<group>"; };
		4B699198237AFC9C00341ED6 /* Info.plist */ = {isa = PBXFileReference; lastKnownFileType = text.plist.xml; path = Info.plist; sourceTree = "<group>"; };
		4B6991A2237AFCCA00341ED6 /* SoManyStructsWithTrait.framework */ = {isa = PBXFileReference; explicitFileType = wrapper.framework; includeInIndex = 0; path = SoManyStructsWithTrait.framework; sourceTree = BUILT_PRODUCTS_DIR; };
		4B6991A4237AFCCA00341ED6 /* SoManyStructsWithTrait.h */ = {isa = PBXFileReference; lastKnownFileType = sourcecode.c.h; path = SoManyStructsWithTrait.h; sourceTree = "<group>"; };
		4B6991A5237AFCCA00341ED6 /* Info.plist */ = {isa = PBXFileReference; lastKnownFileType = text.plist.xml; path = Info.plist; sourceTree = "<group>"; };
		4B6991B0237AFD1700341ED6 /* Code.swift */ = {isa = PBXFileReference; lastKnownFileType = sourcecode.swift; path = Code.swift; sourceTree = "<group>"; };
		4B6991B2237AFD6000341ED6 /* Code.swift */ = {isa = PBXFileReference; lastKnownFileType = sourcecode.swift; path = Code.swift; sourceTree = "<group>"; };
		4B6991B4237AFD8900341ED6 /* Code.swift */ = {isa = PBXFileReference; lastKnownFileType = sourcecode.swift; path = Code.swift; sourceTree = "<group>"; };
		4B6991BA237AFF4D00341ED6 /* Gen */ = {isa = PBXFileReference; explicitFileType = "compiled.mach-o.executable"; includeInIndex = 0; path = Gen; sourceTree = BUILT_PRODUCTS_DIR; };
		4B6991BC237AFF4D00341ED6 /* main.swift */ = {isa = PBXFileReference; lastKnownFileType = sourcecode.swift; path = main.swift; sourceTree = "<group>"; };
/* End PBXFileReference section */

/* Begin PBXFrameworksBuildPhase section */
		4B07413B23D7EAB1008A4526 /* Frameworks */ = {
			isa = PBXFrameworksBuildPhase;
			buildActionMask = 2147483647;
			files = (
			);
			runOnlyForDeploymentPostprocessing = 0;
		};
		4B07414A23D7EBC1008A4526 /* Frameworks */ = {
			isa = PBXFrameworksBuildPhase;
			buildActionMask = 2147483647;
			files = (
			);
			runOnlyForDeploymentPostprocessing = 0;
		};
		4B699175237AFC8000341ED6 /* Frameworks */ = {
			isa = PBXFrameworksBuildPhase;
			buildActionMask = 2147483647;
			files = (
			);
			runOnlyForDeploymentPostprocessing = 0;
		};
		4B699185237AFC9100341ED6 /* Frameworks */ = {
			isa = PBXFrameworksBuildPhase;
			buildActionMask = 2147483647;
			files = (
			);
			runOnlyForDeploymentPostprocessing = 0;
		};
		4B699192237AFC9C00341ED6 /* Frameworks */ = {
			isa = PBXFrameworksBuildPhase;
			buildActionMask = 2147483647;
			files = (
			);
			runOnlyForDeploymentPostprocessing = 0;
		};
		4B69919F237AFCCA00341ED6 /* Frameworks */ = {
			isa = PBXFrameworksBuildPhase;
			buildActionMask = 2147483647;
			files = (
			);
			runOnlyForDeploymentPostprocessing = 0;
		};
		4B6991B7237AFF4D00341ED6 /* Frameworks */ = {
			isa = PBXFrameworksBuildPhase;
			buildActionMask = 2147483647;
			files = (
			);
			runOnlyForDeploymentPostprocessing = 0;
		};
/* End PBXFrameworksBuildPhase section */

/* Begin PBXGroup section */
		4B07413F23D7EAB1008A4526 /* SoManyUIViewFactory */ = {
			isa = PBXGroup;
			children = (
				4B07414023D7EAB1008A4526 /* SoManyUIViewFactory.h */,
				4B07414623D7EAB8008A4526 /* Code.swift */,
				4B07414123D7EAB1008A4526 /* Info.plist */,
			);
			path = SoManyUIViewFactory;
			sourceTree = "<group>";
		};
		4B07414E23D7EBC1008A4526 /* SoManyUIViewSubclasses */ = {
			isa = PBXGroup;
			children = (
				4B07414F23D7EBC1008A4526 /* SoManyUIViewSubclasses.h */,
				4B07415523D7EC14008A4526 /* Code.swift */,
				4B07415023D7EBC1008A4526 /* Info.plist */,
			);
			path = SoManyUIViewSubclasses;
			sourceTree = "<group>";
		};
		4B69916E237AFC8000341ED6 = {
			isa = PBXGroup;
			children = (
				4B69917A237AFC8000341ED6 /* BinarySize */,
				4B699189237AFC9100341ED6 /* SoManyClasses */,
				4B699196237AFC9C00341ED6 /* SoManyStructs */,
				4B6991A3237AFCCA00341ED6 /* SoManyStructsWithTrait */,
				4B6991BB237AFF4D00341ED6 /* Gen */,
				4B07413F23D7EAB1008A4526 /* SoManyUIViewFactory */,
				4B07414E23D7EBC1008A4526 /* SoManyUIViewSubclasses */,
				4B699179237AFC8000341ED6 /* Products */,
			);
			sourceTree = "<group>";
		};
		4B699179237AFC8000341ED6 /* Products */ = {
			isa = PBXGroup;
			children = (
				4B699178237AFC8000341ED6 /* BinarySize.framework */,
				4B699188237AFC9100341ED6 /* SoManyClasses.framework */,
				4B699195237AFC9C00341ED6 /* SoManyStructs.framework */,
				4B6991A2237AFCCA00341ED6 /* SoManyStructsWithTrait.framework */,
				4B6991BA237AFF4D00341ED6 /* Gen */,
				4B07413E23D7EAB1008A4526 /* SoManyUIViewFactory.framework */,
				4B07414D23D7EBC1008A4526 /* SoManyUIViewSubclasses.framework */,
			);
			name = Products;
			sourceTree = "<group>";
		};
		4B69917A237AFC8000341ED6 /* BinarySize */ = {
			isa = PBXGroup;
			children = (
				4B69917B237AFC8100341ED6 /* BinarySize.h */,
				4B69917C237AFC8100341ED6 /* Info.plist */,
			);
			path = BinarySize;
			sourceTree = "<group>";
		};
		4B699189237AFC9100341ED6 /* SoManyClasses */ = {
			isa = PBXGroup;
			children = (
				4B69918A237AFC9100341ED6 /* SoManyClasses.h */,
				4B6991B0237AFD1700341ED6 /* Code.swift */,
				4B69918B237AFC9100341ED6 /* Info.plist */,
			);
			path = SoManyClasses;
			sourceTree = "<group>";
		};
		4B699196237AFC9C00341ED6 /* SoManyStructs */ = {
			isa = PBXGroup;
			children = (
				4B699197237AFC9C00341ED6 /* SoManyStructs.h */,
				4B6991B2237AFD6000341ED6 /* Code.swift */,
				4B699198237AFC9C00341ED6 /* Info.plist */,
			);
			path = SoManyStructs;
			sourceTree = "<group>";
		};
		4B6991A3237AFCCA00341ED6 /* SoManyStructsWithTrait */ = {
			isa = PBXGroup;
			children = (
				4B6991A4237AFCCA00341ED6 /* SoManyStructsWithTrait.h */,
				4B6991B4237AFD8900341ED6 /* Code.swift */,
				4B6991A5237AFCCA00341ED6 /* Info.plist */,
			);
			path = SoManyStructsWithTrait;
			sourceTree = "<group>";
		};
		4B6991BB237AFF4D00341ED6 /* Gen */ = {
			isa = PBXGroup;
			children = (
				4B6991BC237AFF4D00341ED6 /* main.swift */,
			);
			path = Gen;
			sourceTree = "<group>";
		};
/* End PBXGroup section */

/* Begin PBXHeadersBuildPhase section */
		4B07413923D7EAB1008A4526 /* Headers */ = {
			isa = PBXHeadersBuildPhase;
			buildActionMask = 2147483647;
			files = (
				4B07414223D7EAB1008A4526 /* SoManyUIViewFactory.h in Headers */,
			);
			runOnlyForDeploymentPostprocessing = 0;
		};
		4B07414823D7EBC1008A4526 /* Headers */ = {
			isa = PBXHeadersBuildPhase;
			buildActionMask = 2147483647;
			files = (
				4B07415123D7EBC1008A4526 /* SoManyUIViewSubclasses.h in Headers */,
			);
			runOnlyForDeploymentPostprocessing = 0;
		};
		4B699173237AFC8000341ED6 /* Headers */ = {
			isa = PBXHeadersBuildPhase;
			buildActionMask = 2147483647;
			files = (
				4B69917D237AFC8100341ED6 /* BinarySize.h in Headers */,
			);
			runOnlyForDeploymentPostprocessing = 0;
		};
		4B699183237AFC9100341ED6 /* Headers */ = {
			isa = PBXHeadersBuildPhase;
			buildActionMask = 2147483647;
			files = (
				4B69918C237AFC9100341ED6 /* SoManyClasses.h in Headers */,
			);
			runOnlyForDeploymentPostprocessing = 0;
		};
		4B699190237AFC9C00341ED6 /* Headers */ = {
			isa = PBXHeadersBuildPhase;
			buildActionMask = 2147483647;
			files = (
				4B699199237AFC9C00341ED6 /* SoManyStructs.h in Headers */,
			);
			runOnlyForDeploymentPostprocessing = 0;
		};
		4B69919D237AFCCA00341ED6 /* Headers */ = {
			isa = PBXHeadersBuildPhase;
			buildActionMask = 2147483647;
			files = (
				4B6991A6237AFCCA00341ED6 /* SoManyStructsWithTrait.h in Headers */,
			);
			runOnlyForDeploymentPostprocessing = 0;
		};
/* End PBXHeadersBuildPhase section */

/* Begin PBXNativeTarget section */
		4B07413D23D7EAB1008A4526 /* SoManyUIViewFactory */ = {
			isa = PBXNativeTarget;
			buildConfigurationList = 4B07414523D7EAB1008A4526 /* Build configuration list for PBXNativeTarget "SoManyUIViewFactory" */;
			buildPhases = (
				4B07413923D7EAB1008A4526 /* Headers */,
				4B07413A23D7EAB1008A4526 /* Sources */,
				4B07413B23D7EAB1008A4526 /* Frameworks */,
				4B07413C23D7EAB1008A4526 /* Resources */,
			);
			buildRules = (
			);
			dependencies = (
			);
			name = SoManyUIViewFactory;
			productName = SoManyUIViewFactory;
			productReference = 4B07413E23D7EAB1008A4526 /* SoManyUIViewFactory.framework */;
			productType = "com.apple.product-type.framework";
		};
		4B07414C23D7EBC1008A4526 /* SoManyUIViewSubclasses */ = {
			isa = PBXNativeTarget;
			buildConfigurationList = 4B07415223D7EBC1008A4526 /* Build configuration list for PBXNativeTarget "SoManyUIViewSubclasses" */;
			buildPhases = (
				4B07414823D7EBC1008A4526 /* Headers */,
				4B07414923D7EBC1008A4526 /* Sources */,
				4B07414A23D7EBC1008A4526 /* Frameworks */,
				4B07414B23D7EBC1008A4526 /* Resources */,
			);
			buildRules = (
			);
			dependencies = (
			);
			name = SoManyUIViewSubclasses;
			productName = SoManyUIViewSubclasses;
			productReference = 4B07414D23D7EBC1008A4526 /* SoManyUIViewSubclasses.framework */;
			productType = "com.apple.product-type.framework";
		};
		4B699177237AFC8000341ED6 /* BinarySize */ = {
			isa = PBXNativeTarget;
			buildConfigurationList = 4B699180237AFC8100341ED6 /* Build configuration list for PBXNativeTarget "BinarySize" */;
			buildPhases = (
				4B699173237AFC8000341ED6 /* Headers */,
				4B699174237AFC8000341ED6 /* Sources */,
				4B699175237AFC8000341ED6 /* Frameworks */,
				4B699176237AFC8000341ED6 /* Resources */,
			);
			buildRules = (
			);
			dependencies = (
				4B6991AB237AFCD500341ED6 /* PBXTargetDependency */,
				4B6991AD237AFCD500341ED6 /* PBXTargetDependency */,
				4B6991AF237AFCD500341ED6 /* PBXTargetDependency */,
			);
			name = BinarySize;
			productName = BinarySize;
			productReference = 4B699178237AFC8000341ED6 /* BinarySize.framework */;
			productType = "com.apple.product-type.framework";
		};
		4B699187237AFC9100341ED6 /* SoManyClasses */ = {
			isa = PBXNativeTarget;
			buildConfigurationList = 4B69918D237AFC9100341ED6 /* Build configuration list for PBXNativeTarget "SoManyClasses" */;
			buildPhases = (
				4B699183237AFC9100341ED6 /* Headers */,
				4B699184237AFC9100341ED6 /* Sources */,
				4B699185237AFC9100341ED6 /* Frameworks */,
				4B699186237AFC9100341ED6 /* Resources */,
			);
			buildRules = (
			);
			dependencies = (
			);
			name = SoManyClasses;
			productName = SoManyClasses;
			productReference = 4B699188237AFC9100341ED6 /* SoManyClasses.framework */;
			productType = "com.apple.product-type.framework";
		};
		4B699194237AFC9C00341ED6 /* SoManyStructs */ = {
			isa = PBXNativeTarget;
			buildConfigurationList = 4B69919A237AFC9C00341ED6 /* Build configuration list for PBXNativeTarget "SoManyStructs" */;
			buildPhases = (
				4B699190237AFC9C00341ED6 /* Headers */,
				4B699191237AFC9C00341ED6 /* Sources */,
				4B699192237AFC9C00341ED6 /* Frameworks */,
				4B699193237AFC9C00341ED6 /* Resources */,
			);
			buildRules = (
			);
			dependencies = (
			);
			name = SoManyStructs;
			productName = SoManyStructs;
			productReference = 4B699195237AFC9C00341ED6 /* SoManyStructs.framework */;
			productType = "com.apple.product-type.framework";
		};
		4B6991A1237AFCCA00341ED6 /* SoManyStructsWithTrait */ = {
			isa = PBXNativeTarget;
			buildConfigurationList = 4B6991A7237AFCCA00341ED6 /* Build configuration list for PBXNativeTarget "SoManyStructsWithTrait" */;
			buildPhases = (
				4B69919D237AFCCA00341ED6 /* Headers */,
				4B69919E237AFCCA00341ED6 /* Sources */,
				4B69919F237AFCCA00341ED6 /* Frameworks */,
				4B6991A0237AFCCA00341ED6 /* Resources */,
			);
			buildRules = (
			);
			dependencies = (
			);
			name = SoManyStructsWithTrait;
			productName = SoManyStructsWithTrait;
			productReference = 4B6991A2237AFCCA00341ED6 /* SoManyStructsWithTrait.framework */;
			productType = "com.apple.product-type.framework";
		};
		4B6991B9237AFF4D00341ED6 /* Gen */ = {
			isa = PBXNativeTarget;
			buildConfigurationList = 4B6991BE237AFF4D00341ED6 /* Build configuration list for PBXNativeTarget "Gen" */;
			buildPhases = (
				4B6991B6237AFF4D00341ED6 /* Sources */,
				4B6991B7237AFF4D00341ED6 /* Frameworks */,
				4B6991B8237AFF4D00341ED6 /* CopyFiles */,
			);
			buildRules = (
			);
			dependencies = (
				4B6991C2237AFF5D00341ED6 /* PBXTargetDependency */,
				4B6991C4237AFF5D00341ED6 /* PBXTargetDependency */,
				4B6991C6237AFF5D00341ED6 /* PBXTargetDependency */,
				4B6991C8237AFF5D00341ED6 /* PBXTargetDependency */,
			);
			name = Gen;
			productName = Gen;
			productReference = 4B6991BA237AFF4D00341ED6 /* Gen */;
			productType = "com.apple.product-type.tool";
		};
/* End PBXNativeTarget section */

/* Begin PBXProject section */
		4B69916F237AFC8000341ED6 /* Project object */ = {
			isa = PBXProject;
			attributes = {
				LastSwiftUpdateCheck = 1120;
				LastUpgradeCheck = 1120;
				ORGANIZATIONNAME = eureka;
				TargetAttributes = {
					4B07413D23D7EAB1008A4526 = {
						CreatedOnToolsVersion = 11.3;
					};
					4B07414C23D7EBC1008A4526 = {
						CreatedOnToolsVersion = 11.3;
					};
					4B699177237AFC8000341ED6 = {
						CreatedOnToolsVersion = 11.2.1;
					};
					4B699187237AFC9100341ED6 = {
						CreatedOnToolsVersion = 11.2.1;
						LastSwiftMigration = 1120;
					};
					4B699194237AFC9C00341ED6 = {
						CreatedOnToolsVersion = 11.2.1;
						LastSwiftMigration = 1120;
					};
					4B6991A1237AFCCA00341ED6 = {
						CreatedOnToolsVersion = 11.2.1;
						LastSwiftMigration = 1120;
					};
					4B6991B9237AFF4D00341ED6 = {
						CreatedOnToolsVersion = 11.2.1;
					};
				};
			};
			buildConfigurationList = 4B699172237AFC8000341ED6 /* Build configuration list for PBXProject "BinarySize" */;
			compatibilityVersion = "Xcode 9.3";
			developmentRegion = en;
			hasScannedForEncodings = 0;
			knownRegions = (
				en,
				Base,
			);
			mainGroup = 4B69916E237AFC8000341ED6;
			productRefGroup = 4B699179237AFC8000341ED6 /* Products */;
			projectDirPath = "";
			projectRoot = "";
			targets = (
				4B699177237AFC8000341ED6 /* BinarySize */,
				4B699187237AFC9100341ED6 /* SoManyClasses */,
				4B699194237AFC9C00341ED6 /* SoManyStructs */,
				4B6991A1237AFCCA00341ED6 /* SoManyStructsWithTrait */,
				4B07413D23D7EAB1008A4526 /* SoManyUIViewFactory */,
				4B6991B9237AFF4D00341ED6 /* Gen */,
				4B07414C23D7EBC1008A4526 /* SoManyUIViewSubclasses */,
			);
		};
/* End PBXProject section */

/* Begin PBXResourcesBuildPhase section */
		4B07413C23D7EAB1008A4526 /* Resources */ = {
			isa = PBXResourcesBuildPhase;
			buildActionMask = 2147483647;
			files = (
			);
			runOnlyForDeploymentPostprocessing = 0;
		};
		4B07414B23D7EBC1008A4526 /* Resources */ = {
			isa = PBXResourcesBuildPhase;
			buildActionMask = 2147483647;
			files = (
			);
			runOnlyForDeploymentPostprocessing = 0;
		};
		4B699176237AFC8000341ED6 /* Resources */ = {
			isa = PBXResourcesBuildPhase;
			buildActionMask = 2147483647;
			files = (
			);
			runOnlyForDeploymentPostprocessing = 0;
		};
		4B699186237AFC9100341ED6 /* Resources */ = {
			isa = PBXResourcesBuildPhase;
			buildActionMask = 2147483647;
			files = (
			);
			runOnlyForDeploymentPostprocessing = 0;
		};
		4B699193237AFC9C00341ED6 /* Resources */ = {
			isa = PBXResourcesBuildPhase;
			buildActionMask = 2147483647;
			files = (
			);
			runOnlyForDeploymentPostprocessing = 0;
		};
		4B6991A0237AFCCA00341ED6 /* Resources */ = {
			isa = PBXResourcesBuildPhase;
			buildActionMask = 2147483647;
			files = (
			);
			runOnlyForDeploymentPostprocessing = 0;
		};
/* End PBXResourcesBuildPhase section */

/* Begin PBXSourcesBuildPhase section */
		4B07413A23D7EAB1008A4526 /* Sources */ = {
			isa = PBXSourcesBuildPhase;
			buildActionMask = 2147483647;
			files = (
				4B07414723D7EAB8008A4526 /* Code.swift in Sources */,
			);
			runOnlyForDeploymentPostprocessing = 0;
		};
		4B07414923D7EBC1008A4526 /* Sources */ = {
			isa = PBXSourcesBuildPhase;
			buildActionMask = 2147483647;
			files = (
				4B07415623D7EC14008A4526 /* Code.swift in Sources */,
			);
			runOnlyForDeploymentPostprocessing = 0;
		};
		4B699174237AFC8000341ED6 /* Sources */ = {
			isa = PBXSourcesBuildPhase;
			buildActionMask = 2147483647;
			files = (
			);
			runOnlyForDeploymentPostprocessing = 0;
		};
		4B699184237AFC9100341ED6 /* Sources */ = {
			isa = PBXSourcesBuildPhase;
			buildActionMask = 2147483647;
			files = (
				4B6991B1237AFD1700341ED6 /* Code.swift in Sources */,
			);
			runOnlyForDeploymentPostprocessing = 0;
		};
		4B699191237AFC9C00341ED6 /* Sources */ = {
			isa = PBXSourcesBuildPhase;
			buildActionMask = 2147483647;
			files = (
				4B6991B3237AFD6000341ED6 /* Code.swift in Sources */,
			);
			runOnlyForDeploymentPostprocessing = 0;
		};
		4B69919E237AFCCA00341ED6 /* Sources */ = {
			isa = PBXSourcesBuildPhase;
			buildActionMask = 2147483647;
			files = (
				4B6991B5237AFD8900341ED6 /* Code.swift in Sources */,
			);
			runOnlyForDeploymentPostprocessing = 0;
		};
		4B6991B6237AFF4D00341ED6 /* Sources */ = {
			isa = PBXSourcesBuildPhase;
			buildActionMask = 2147483647;
			files = (
				4B6991BD237AFF4D00341ED6 /* main.swift in Sources */,
			);
			runOnlyForDeploymentPostprocessing = 0;
		};
/* End PBXSourcesBuildPhase section */

/* Begin PBXTargetDependency section */
		4B6991AB237AFCD500341ED6 /* PBXTargetDependency */ = {
			isa = PBXTargetDependency;
			target = 4B699187237AFC9100341ED6 /* SoManyClasses */;
			targetProxy = 4B6991AA237AFCD500341ED6 /* PBXContainerItemProxy */;
		};
		4B6991AD237AFCD500341ED6 /* PBXTargetDependency */ = {
			isa = PBXTargetDependency;
			target = 4B699194237AFC9C00341ED6 /* SoManyStructs */;
			targetProxy = 4B6991AC237AFCD500341ED6 /* PBXContainerItemProxy */;
		};
		4B6991AF237AFCD500341ED6 /* PBXTargetDependency */ = {
			isa = PBXTargetDependency;
			target = 4B6991A1237AFCCA00341ED6 /* SoManyStructsWithTrait */;
			targetProxy = 4B6991AE237AFCD500341ED6 /* PBXContainerItemProxy */;
		};
		4B6991C2237AFF5D00341ED6 /* PBXTargetDependency */ = {
			isa = PBXTargetDependency;
			target = 4B699177237AFC8000341ED6 /* BinarySize */;
			targetProxy = 4B6991C1237AFF5D00341ED6 /* PBXContainerItemProxy */;
		};
		4B6991C4237AFF5D00341ED6 /* PBXTargetDependency */ = {
			isa = PBXTargetDependency;
			target = 4B699187237AFC9100341ED6 /* SoManyClasses */;
			targetProxy = 4B6991C3237AFF5D00341ED6 /* PBXContainerItemProxy */;
		};
		4B6991C6237AFF5D00341ED6 /* PBXTargetDependency */ = {
			isa = PBXTargetDependency;
			target = 4B699194237AFC9C00341ED6 /* SoManyStructs */;
			targetProxy = 4B6991C5237AFF5D00341ED6 /* PBXContainerItemProxy */;
		};
		4B6991C8237AFF5D00341ED6 /* PBXTargetDependency */ = {
			isa = PBXTargetDependency;
			target = 4B6991A1237AFCCA00341ED6 /* SoManyStructsWithTrait */;
			targetProxy = 4B6991C7237AFF5D00341ED6 /* PBXContainerItemProxy */;
		};
/* End PBXTargetDependency section */

/* Begin XCBuildConfiguration section */
		4B07414323D7EAB1008A4526 /* Debug */ = {
			isa = XCBuildConfiguration;
			buildSettings = {
				CODE_SIGN_STYLE = Automatic;
				COPY_PHASE_STRIP = NO;
				DEFINES_MODULE = YES;
				DYLIB_COMPATIBILITY_VERSION = 1;
				DYLIB_CURRENT_VERSION = 1;
				DYLIB_INSTALL_NAME_BASE = "@rpath";
				GCC_OPTIMIZATION_LEVEL = 0;
				INFOPLIST_FILE = SoManyUIViewFactory/Info.plist;
				INSTALL_PATH = "$(LOCAL_LIBRARY_DIR)/Frameworks";
				LD_RUNPATH_SEARCH_PATHS = (
					"$(inherited)",
					"@executable_path/Frameworks",
					"@loader_path/Frameworks",
				);
				PRODUCT_BUNDLE_IDENTIFIER = me.muukii.SoManyUIViewFactory;
				PRODUCT_NAME = "$(TARGET_NAME:c99extidentifier)";
				SKIP_INSTALL = YES;
				SWIFT_VERSION = 5.0;
				TARGETED_DEVICE_FAMILY = "1,2";
			};
			name = Debug;
		};
		4B07414423D7EAB1008A4526 /* Release */ = {
			isa = XCBuildConfiguration;
			buildSettings = {
				CODE_SIGN_STYLE = Automatic;
				COPY_PHASE_STRIP = NO;
				DEFINES_MODULE = YES;
				DYLIB_COMPATIBILITY_VERSION = 1;
				DYLIB_CURRENT_VERSION = 1;
				DYLIB_INSTALL_NAME_BASE = "@rpath";
				INFOPLIST_FILE = SoManyUIViewFactory/Info.plist;
				INSTALL_PATH = "$(LOCAL_LIBRARY_DIR)/Frameworks";
				LD_RUNPATH_SEARCH_PATHS = (
					"$(inherited)",
					"@executable_path/Frameworks",
					"@loader_path/Frameworks",
				);
				PRODUCT_BUNDLE_IDENTIFIER = me.muukii.SoManyUIViewFactory;
				PRODUCT_NAME = "$(TARGET_NAME:c99extidentifier)";
				SKIP_INSTALL = YES;
				SWIFT_VERSION = 5.0;
				TARGETED_DEVICE_FAMILY = "1,2";
			};
			name = Release;
		};
		4B07415323D7EBC1008A4526 /* Debug */ = {
			isa = XCBuildConfiguration;
			buildSettings = {
				CODE_SIGN_STYLE = Automatic;
				COPY_PHASE_STRIP = NO;
				DEFINES_MODULE = YES;
				DYLIB_COMPATIBILITY_VERSION = 1;
				DYLIB_CURRENT_VERSION = 1;
				DYLIB_INSTALL_NAME_BASE = "@rpath";
				GCC_OPTIMIZATION_LEVEL = 0;
				INFOPLIST_FILE = SoManyUIViewSubclasses/Info.plist;
				INSTALL_PATH = "$(LOCAL_LIBRARY_DIR)/Frameworks";
				LD_RUNPATH_SEARCH_PATHS = (
					"$(inherited)",
					"@executable_path/Frameworks",
					"@loader_path/Frameworks",
				);
				PRODUCT_BUNDLE_IDENTIFIER = me.muukii.SoManyUIViewSubclasses;
				PRODUCT_NAME = "$(TARGET_NAME:c99extidentifier)";
				SKIP_INSTALL = YES;
				SWIFT_VERSION = 5.0;
				TARGETED_DEVICE_FAMILY = "1,2";
			};
			name = Debug;
		};
		4B07415423D7EBC1008A4526 /* Release */ = {
			isa = XCBuildConfiguration;
			buildSettings = {
				CODE_SIGN_STYLE = Automatic;
				COPY_PHASE_STRIP = NO;
				DEFINES_MODULE = YES;
				DYLIB_COMPATIBILITY_VERSION = 1;
				DYLIB_CURRENT_VERSION = 1;
				DYLIB_INSTALL_NAME_BASE = "@rpath";
				INFOPLIST_FILE = SoManyUIViewSubclasses/Info.plist;
				INSTALL_PATH = "$(LOCAL_LIBRARY_DIR)/Frameworks";
				LD_RUNPATH_SEARCH_PATHS = (
					"$(inherited)",
					"@executable_path/Frameworks",
					"@loader_path/Frameworks",
				);
				PRODUCT_BUNDLE_IDENTIFIER = me.muukii.SoManyUIViewSubclasses;
				PRODUCT_NAME = "$(TARGET_NAME:c99extidentifier)";
				SKIP_INSTALL = YES;
				SWIFT_VERSION = 5.0;
				TARGETED_DEVICE_FAMILY = "1,2";
			};
			name = Release;
		};
		4B69917E237AFC8100341ED6 /* Debug */ = {
			isa = XCBuildConfiguration;
			buildSettings = {
				ALWAYS_SEARCH_USER_PATHS = NO;
				CLANG_ANALYZER_NONNULL = YES;
				CLANG_ANALYZER_NUMBER_OBJECT_CONVERSION = YES_AGGRESSIVE;
				CLANG_CXX_LANGUAGE_STANDARD = "gnu++14";
				CLANG_CXX_LIBRARY = "libc++";
				CLANG_ENABLE_MODULES = YES;
				CLANG_ENABLE_OBJC_ARC = YES;
				CLANG_ENABLE_OBJC_WEAK = YES;
				CLANG_WARN_BLOCK_CAPTURE_AUTORELEASING = YES;
				CLANG_WARN_BOOL_CONVERSION = YES;
				CLANG_WARN_COMMA = YES;
				CLANG_WARN_CONSTANT_CONVERSION = YES;
				CLANG_WARN_DEPRECATED_OBJC_IMPLEMENTATIONS = YES;
				CLANG_WARN_DIRECT_OBJC_ISA_USAGE = YES_ERROR;
				CLANG_WARN_DOCUMENTATION_COMMENTS = YES;
				CLANG_WARN_EMPTY_BODY = YES;
				CLANG_WARN_ENUM_CONVERSION = YES;
				CLANG_WARN_INFINITE_RECURSION = YES;
				CLANG_WARN_INT_CONVERSION = YES;
				CLANG_WARN_NON_LITERAL_NULL_CONVERSION = YES;
				CLANG_WARN_OBJC_IMPLICIT_RETAIN_SELF = YES;
				CLANG_WARN_OBJC_LITERAL_CONVERSION = YES;
				CLANG_WARN_OBJC_ROOT_CLASS = YES_ERROR;
				CLANG_WARN_RANGE_LOOP_ANALYSIS = YES;
				CLANG_WARN_STRICT_PROTOTYPES = YES;
				CLANG_WARN_SUSPICIOUS_MOVE = YES;
				CLANG_WARN_UNGUARDED_AVAILABILITY = YES_AGGRESSIVE;
				CLANG_WARN_UNREACHABLE_CODE = YES;
				CLANG_WARN__DUPLICATE_METHOD_MATCH = YES;
				CURRENT_PROJECT_VERSION = 1;
				DEBUG_INFORMATION_FORMAT = dwarf;
				ENABLE_STRICT_OBJC_MSGSEND = YES;
				ENABLE_TESTABILITY = YES;
				GCC_C_LANGUAGE_STANDARD = gnu11;
				GCC_DYNAMIC_NO_PIC = NO;
				GCC_NO_COMMON_BLOCKS = YES;
				GCC_PREPROCESSOR_DEFINITIONS = (
					"DEBUG=1",
					"$(inherited)",
				);
				GCC_WARN_64_TO_32_BIT_CONVERSION = YES;
				GCC_WARN_ABOUT_RETURN_TYPE = YES_ERROR;
				GCC_WARN_UNDECLARED_SELECTOR = YES;
				GCC_WARN_UNINITIALIZED_AUTOS = YES_AGGRESSIVE;
				GCC_WARN_UNUSED_FUNCTION = YES;
				GCC_WARN_UNUSED_VARIABLE = YES;
				IPHONEOS_DEPLOYMENT_TARGET = 13.2;
				MTL_ENABLE_DEBUG_INFO = INCLUDE_SOURCE;
				MTL_FAST_MATH = YES;
				ONLY_ACTIVE_ARCH = YES;
				SDKROOT = iphoneos;
				SWIFT_ACTIVE_COMPILATION_CONDITIONS = DEBUG;
				SWIFT_OPTIMIZATION_LEVEL = "-O";
				VERSIONING_SYSTEM = "apple-generic";
				VERSION_INFO_PREFIX = "";
			};
			name = Debug;
		};
		4B69917F237AFC8100341ED6 /* Release */ = {
			isa = XCBuildConfiguration;
			buildSettings = {
				ALWAYS_SEARCH_USER_PATHS = NO;
				CLANG_ANALYZER_NONNULL = YES;
				CLANG_ANALYZER_NUMBER_OBJECT_CONVERSION = YES_AGGRESSIVE;
				CLANG_CXX_LANGUAGE_STANDARD = "gnu++14";
				CLANG_CXX_LIBRARY = "libc++";
				CLANG_ENABLE_MODULES = YES;
				CLANG_ENABLE_OBJC_ARC = YES;
				CLANG_ENABLE_OBJC_WEAK = YES;
				CLANG_WARN_BLOCK_CAPTURE_AUTORELEASING = YES;
				CLANG_WARN_BOOL_CONVERSION = YES;
				CLANG_WARN_COMMA = YES;
				CLANG_WARN_CONSTANT_CONVERSION = YES;
				CLANG_WARN_DEPRECATED_OBJC_IMPLEMENTATIONS = YES;
				CLANG_WARN_DIRECT_OBJC_ISA_USAGE = YES_ERROR;
				CLANG_WARN_DOCUMENTATION_COMMENTS = YES;
				CLANG_WARN_EMPTY_BODY = YES;
				CLANG_WARN_ENUM_CONVERSION = YES;
				CLANG_WARN_INFINITE_RECURSION = YES;
				CLANG_WARN_INT_CONVERSION = YES;
				CLANG_WARN_NON_LITERAL_NULL_CONVERSION = YES;
				CLANG_WARN_OBJC_IMPLICIT_RETAIN_SELF = YES;
				CLANG_WARN_OBJC_LITERAL_CONVERSION = YES;
				CLANG_WARN_OBJC_ROOT_CLASS = YES_ERROR;
				CLANG_WARN_RANGE_LOOP_ANALYSIS = YES;
				CLANG_WARN_STRICT_PROTOTYPES = YES;
				CLANG_WARN_SUSPICIOUS_MOVE = YES;
				CLANG_WARN_UNGUARDED_AVAILABILITY = YES_AGGRESSIVE;
				CLANG_WARN_UNREACHABLE_CODE = YES;
				CLANG_WARN__DUPLICATE_METHOD_MATCH = YES;
				CURRENT_PROJECT_VERSION = 1;
				DEBUG_INFORMATION_FORMAT = "dwarf-with-dsym";
				ENABLE_NS_ASSERTIONS = NO;
				ENABLE_STRICT_OBJC_MSGSEND = YES;
				GCC_C_LANGUAGE_STANDARD = gnu11;
				GCC_NO_COMMON_BLOCKS = YES;
				GCC_WARN_64_TO_32_BIT_CONVERSION = YES;
				GCC_WARN_ABOUT_RETURN_TYPE = YES_ERROR;
				GCC_WARN_UNDECLARED_SELECTOR = YES;
				GCC_WARN_UNINITIALIZED_AUTOS = YES_AGGRESSIVE;
				GCC_WARN_UNUSED_FUNCTION = YES;
				GCC_WARN_UNUSED_VARIABLE = YES;
				IPHONEOS_DEPLOYMENT_TARGET = 13.2;
				MTL_ENABLE_DEBUG_INFO = NO;
				MTL_FAST_MATH = YES;
				SDKROOT = iphoneos;
				SWIFT_COMPILATION_MODE = wholemodule;
				SWIFT_OPTIMIZATION_LEVEL = "-O";
				VALIDATE_PRODUCT = YES;
				VERSIONING_SYSTEM = "apple-generic";
				VERSION_INFO_PREFIX = "";
			};
			name = Release;
		};
		4B699181237AFC8100341ED6 /* Debug */ = {
			isa = XCBuildConfiguration;
			buildSettings = {
				CODE_SIGN_STYLE = Automatic;
				DEFINES_MODULE = YES;
				DYLIB_COMPATIBILITY_VERSION = 1;
				DYLIB_CURRENT_VERSION = 1;
				DYLIB_INSTALL_NAME_BASE = "@rpath";
				INFOPLIST_FILE = BinarySize/Info.plist;
				INSTALL_PATH = "$(LOCAL_LIBRARY_DIR)/Frameworks";
				LD_RUNPATH_SEARCH_PATHS = (
					"$(inherited)",
					"@executable_path/Frameworks",
					"@loader_path/Frameworks",
				);
				PRODUCT_BUNDLE_IDENTIFIER = jp.eure.BinarySize;
				PRODUCT_NAME = "$(TARGET_NAME:c99extidentifier)";
				SKIP_INSTALL = YES;
				SWIFT_VERSION = 5.0;
				TARGETED_DEVICE_FAMILY = "1,2";
			};
			name = Debug;
		};
		4B699182237AFC8100341ED6 /* Release */ = {
			isa = XCBuildConfiguration;
			buildSettings = {
				CODE_SIGN_STYLE = Automatic;
				DEFINES_MODULE = YES;
				DYLIB_COMPATIBILITY_VERSION = 1;
				DYLIB_CURRENT_VERSION = 1;
				DYLIB_INSTALL_NAME_BASE = "@rpath";
				INFOPLIST_FILE = BinarySize/Info.plist;
				INSTALL_PATH = "$(LOCAL_LIBRARY_DIR)/Frameworks";
				LD_RUNPATH_SEARCH_PATHS = (
					"$(inherited)",
					"@executable_path/Frameworks",
					"@loader_path/Frameworks",
				);
				PRODUCT_BUNDLE_IDENTIFIER = jp.eure.BinarySize;
				PRODUCT_NAME = "$(TARGET_NAME:c99extidentifier)";
				SKIP_INSTALL = YES;
				SWIFT_VERSION = 5.0;
				TARGETED_DEVICE_FAMILY = "1,2";
			};
			name = Release;
		};
		4B69918E237AFC9100341ED6 /* Debug */ = {
			isa = XCBuildConfiguration;
			buildSettings = {
				CLANG_ENABLE_MODULES = YES;
				CODE_SIGN_STYLE = Automatic;
				DEFINES_MODULE = YES;
				DYLIB_COMPATIBILITY_VERSION = 1;
				DYLIB_CURRENT_VERSION = 1;
				DYLIB_INSTALL_NAME_BASE = "@rpath";
				INFOPLIST_FILE = SoManyClasses/Info.plist;
				INSTALL_PATH = "$(LOCAL_LIBRARY_DIR)/Frameworks";
				LD_RUNPATH_SEARCH_PATHS = (
					"$(inherited)",
					"@executable_path/Frameworks",
					"@loader_path/Frameworks",
				);
				PRODUCT_BUNDLE_IDENTIFIER = jp.eure.SoManyClasses;
				PRODUCT_NAME = "$(TARGET_NAME:c99extidentifier)";
				SKIP_INSTALL = YES;
				SWIFT_VERSION = 5.0;
				TARGETED_DEVICE_FAMILY = "1,2";
			};
			name = Debug;
		};
		4B69918F237AFC9100341ED6 /* Release */ = {
			isa = XCBuildConfiguration;
			buildSettings = {
				CLANG_ENABLE_MODULES = YES;
				CODE_SIGN_STYLE = Automatic;
				DEFINES_MODULE = YES;
				DYLIB_COMPATIBILITY_VERSION = 1;
				DYLIB_CURRENT_VERSION = 1;
				DYLIB_INSTALL_NAME_BASE = "@rpath";
				INFOPLIST_FILE = SoManyClasses/Info.plist;
				INSTALL_PATH = "$(LOCAL_LIBRARY_DIR)/Frameworks";
				LD_RUNPATH_SEARCH_PATHS = (
					"$(inherited)",
					"@executable_path/Frameworks",
					"@loader_path/Frameworks",
				);
				PRODUCT_BUNDLE_IDENTIFIER = jp.eure.SoManyClasses;
				PRODUCT_NAME = "$(TARGET_NAME:c99extidentifier)";
				SKIP_INSTALL = YES;
				SWIFT_VERSION = 5.0;
				TARGETED_DEVICE_FAMILY = "1,2";
			};
			name = Release;
		};
		4B69919B237AFC9C00341ED6 /* Debug */ = {
			isa = XCBuildConfiguration;
			buildSettings = {
				CLANG_ENABLE_MODULES = YES;
				CODE_SIGN_STYLE = Automatic;
				DEFINES_MODULE = YES;
				DYLIB_COMPATIBILITY_VERSION = 1;
				DYLIB_CURRENT_VERSION = 1;
				DYLIB_INSTALL_NAME_BASE = "@rpath";
				INFOPLIST_FILE = SoManyStructs/Info.plist;
				INSTALL_PATH = "$(LOCAL_LIBRARY_DIR)/Frameworks";
				LD_RUNPATH_SEARCH_PATHS = (
					"$(inherited)",
					"@executable_path/Frameworks",
					"@loader_path/Frameworks",
				);
				PRODUCT_BUNDLE_IDENTIFIER = jp.eure.SoManyStructs;
				PRODUCT_NAME = "$(TARGET_NAME:c99extidentifier)";
				SKIP_INSTALL = YES;
				SWIFT_VERSION = 5.0;
				TARGETED_DEVICE_FAMILY = "1,2";
			};
			name = Debug;
		};
		4B69919C237AFC9C00341ED6 /* Release */ = {
			isa = XCBuildConfiguration;
			buildSettings = {
				CLANG_ENABLE_MODULES = YES;
				CODE_SIGN_STYLE = Automatic;
				DEFINES_MODULE = YES;
				DYLIB_COMPATIBILITY_VERSION = 1;
				DYLIB_CURRENT_VERSION = 1;
				DYLIB_INSTALL_NAME_BASE = "@rpath";
				INFOPLIST_FILE = SoManyStructs/Info.plist;
				INSTALL_PATH = "$(LOCAL_LIBRARY_DIR)/Frameworks";
				LD_RUNPATH_SEARCH_PATHS = (
					"$(inherited)",
					"@executable_path/Frameworks",
					"@loader_path/Frameworks",
				);
				PRODUCT_BUNDLE_IDENTIFIER = jp.eure.SoManyStructs;
				PRODUCT_NAME = "$(TARGET_NAME:c99extidentifier)";
				SKIP_INSTALL = YES;
				SWIFT_VERSION = 5.0;
				TARGETED_DEVICE_FAMILY = "1,2";
			};
			name = Release;
		};
		4B6991A8237AFCCA00341ED6 /* Debug */ = {
			isa = XCBuildConfiguration;
			buildSettings = {
				CLANG_ENABLE_MODULES = YES;
				CODE_SIGN_STYLE = Automatic;
				DEFINES_MODULE = YES;
				DYLIB_COMPATIBILITY_VERSION = 1;
				DYLIB_CURRENT_VERSION = 1;
				DYLIB_INSTALL_NAME_BASE = "@rpath";
				INFOPLIST_FILE = SoManyStructsWithTrait/Info.plist;
				INSTALL_PATH = "$(LOCAL_LIBRARY_DIR)/Frameworks";
				LD_RUNPATH_SEARCH_PATHS = (
					"$(inherited)",
					"@executable_path/Frameworks",
					"@loader_path/Frameworks",
				);
				PRODUCT_BUNDLE_IDENTIFIER = jp.eure.SoManyStructsWithTrait;
				PRODUCT_NAME = "$(TARGET_NAME:c99extidentifier)";
				SKIP_INSTALL = YES;
				SWIFT_VERSION = 5.0;
				TARGETED_DEVICE_FAMILY = "1,2";
			};
			name = Debug;
		};
		4B6991A9237AFCCA00341ED6 /* Release */ = {
			isa = XCBuildConfiguration;
			buildSettings = {
				CLANG_ENABLE_MODULES = YES;
				CODE_SIGN_STYLE = Automatic;
				DEFINES_MODULE = YES;
				DYLIB_COMPATIBILITY_VERSION = 1;
				DYLIB_CURRENT_VERSION = 1;
				DYLIB_INSTALL_NAME_BASE = "@rpath";
				INFOPLIST_FILE = SoManyStructsWithTrait/Info.plist;
				INSTALL_PATH = "$(LOCAL_LIBRARY_DIR)/Frameworks";
				LD_RUNPATH_SEARCH_PATHS = (
					"$(inherited)",
					"@executable_path/Frameworks",
					"@loader_path/Frameworks",
				);
				PRODUCT_BUNDLE_IDENTIFIER = jp.eure.SoManyStructsWithTrait;
				PRODUCT_NAME = "$(TARGET_NAME:c99extidentifier)";
				SKIP_INSTALL = YES;
				SWIFT_VERSION = 5.0;
				TARGETED_DEVICE_FAMILY = "1,2";
			};
			name = Release;
		};
		4B6991BF237AFF4D00341ED6 /* Debug */ = {
			isa = XCBuildConfiguration;
			buildSettings = {
				CODE_SIGN_STYLE = Automatic;
				COPY_PHASE_STRIP = NO;
				GCC_OPTIMIZATION_LEVEL = 0;
				MACOSX_DEPLOYMENT_TARGET = 10.15;
				PRODUCT_NAME = "$(TARGET_NAME)";
				SDKROOT = macosx;
				SWIFT_VERSION = 5.0;
			};
			name = Debug;
		};
		4B6991C0237AFF4D00341ED6 /* Release */ = {
			isa = XCBuildConfiguration;
			buildSettings = {
				CODE_SIGN_STYLE = Automatic;
				COPY_PHASE_STRIP = NO;
				MACOSX_DEPLOYMENT_TARGET = 10.15;
				PRODUCT_NAME = "$(TARGET_NAME)";
				SDKROOT = macosx;
				SWIFT_VERSION = 5.0;
			};
			name = Release;
		};
/* End XCBuildConfiguration section */

/* Begin XCConfigurationList section */
		4B07414523D7EAB1008A4526 /* Build configuration list for PBXNativeTarget "SoManyUIViewFactory" */ = {
			isa = XCConfigurationList;
			buildConfigurations = (
				4B07414323D7EAB1008A4526 /* Debug */,
				4B07414423D7EAB1008A4526 /* Release */,
			);
			defaultConfigurationIsVisible = 0;
			defaultConfigurationName = Release;
		};
		4B07415223D7EBC1008A4526 /* Build configuration list for PBXNativeTarget "SoManyUIViewSubclasses" */ = {
			isa = XCConfigurationList;
			buildConfigurations = (
				4B07415323D7EBC1008A4526 /* Debug */,
				4B07415423D7EBC1008A4526 /* Release */,
			);
			defaultConfigurationIsVisible = 0;
			defaultConfigurationName = Release;
		};
		4B699172237AFC8000341ED6 /* Build configuration list for PBXProject "BinarySize" */ = {
			isa = XCConfigurationList;
			buildConfigurations = (
				4B69917E237AFC8100341ED6 /* Debug */,
				4B69917F237AFC8100341ED6 /* Release */,
			);
			defaultConfigurationIsVisible = 0;
			defaultConfigurationName = Release;
		};
		4B699180237AFC8100341ED6 /* Build configuration list for PBXNativeTarget "BinarySize" */ = {
			isa = XCConfigurationList;
			buildConfigurations = (
				4B699181237AFC8100341ED6 /* Debug */,
				4B699182237AFC8100341ED6 /* Release */,
			);
			defaultConfigurationIsVisible = 0;
			defaultConfigurationName = Release;
		};
		4B69918D237AFC9100341ED6 /* Build configuration list for PBXNativeTarget "SoManyClasses" */ = {
			isa = XCConfigurationList;
			buildConfigurations = (
				4B69918E237AFC9100341ED6 /* Debug */,
				4B69918F237AFC9100341ED6 /* Release */,
			);
			defaultConfigurationIsVisible = 0;
			defaultConfigurationName = Release;
		};
		4B69919A237AFC9C00341ED6 /* Build configuration list for PBXNativeTarget "SoManyStructs" */ = {
			isa = XCConfigurationList;
			buildConfigurations = (
				4B69919B237AFC9C00341ED6 /* Debug */,
				4B69919C237AFC9C00341ED6 /* Release */,
			);
			defaultConfigurationIsVisible = 0;
			defaultConfigurationName = Release;
		};
		4B6991A7237AFCCA00341ED6 /* Build configuration list for PBXNativeTarget "SoManyStructsWithTrait" */ = {
			isa = XCConfigurationList;
			buildConfigurations = (
				4B6991A8237AFCCA00341ED6 /* Debug */,
				4B6991A9237AFCCA00341ED6 /* Release */,
			);
			defaultConfigurationIsVisible = 0;
			defaultConfigurationName = Release;
		};
		4B6991BE237AFF4D00341ED6 /* Build configuration list for PBXNativeTarget "Gen" */ = {
			isa = XCConfigurationList;
			buildConfigurations = (
				4B6991BF237AFF4D00341ED6 /* Debug */,
				4B6991C0237AFF4D00341ED6 /* Release */,
			);
			defaultConfigurationIsVisible = 0;
			defaultConfigurationName = Release;
		};
/* End XCConfigurationList section */
	};
	rootObject = 4B69916F237AFC8000341ED6 /* Project object */;
}
